PODS:
  - Alamofire (4.5.1)
  - Bolts (1.9.0):
    - Bolts/AppLinks (= 1.9.0)
    - Bolts/Tasks (= 1.9.0)
  - Bolts/AppLinks (1.9.0):
    - Bolts/Tasks
  - Bolts/Tasks (1.9.0)
  - FacebookCore (0.5.0):
    - Bolts (~> 1.9)
    - FBSDKCoreKit (~> 4.37)
  - FacebookLogin (0.5.0):
    - Bolts (~> 1.9)
    - FacebookCore (~> 0.5)
    - FBSDKCoreKit (~> 4.37)
    - FBSDKLoginKit (~> 4.37)
  - FacebookShare (0.5.0):
    - Bolts (~> 1.9)
    - FacebookCore (~> 0.5)
    - FBSDKCoreKit (~> 4.37)
    - FBSDKShareKit (~> 4.37)
  - FBSDKCoreKit (4.38.0):
    - Bolts (~> 1.9)
  - FBSDKLoginKit (4.38.0):
    - FBSDKCoreKit
  - FBSDKShareKit (4.38.0):
    - FBSDKCoreKit
  - SwiftyJSON (3.1.4)

DEPENDENCIES:
  - Alamofire
  - FacebookCore (from `https://github.com/facebook/facebook-sdk-swift`, branch `master`)
  - FacebookLogin (from `https://github.com/facebook/facebook-sdk-swift`, branch `master`)
  - FacebookShare (from `https://github.com/facebook/facebook-sdk-swift`, branch `master`)
  - SwiftyJSON

SPEC REPOS:
  https://github.com/cocoapods/specs.git:
    - Alamofire
    - Bolts
    - FBSDKCoreKit
    - FBSDKLoginKit
    - FBSDKShareKit
    - SwiftyJSON

EXTERNAL SOURCES:
  FacebookCore:
    :branch: master
    :git: https://github.com/facebook/facebook-sdk-swift
  FacebookLogin:
    :branch: master
    :git: https://github.com/facebook/facebook-sdk-swift
  FacebookShare:
    :branch: master
    :git: https://github.com/facebook/facebook-sdk-swift

CHECKOUT OPTIONS:
  FacebookCore:
    :commit: 65ba2e68f556e62a686f621d7d7afec2dde1c626
    :git: https://github.com/facebook/facebook-sdk-swift
  FacebookLogin:
    :commit: 65ba2e68f556e62a686f621d7d7afec2dde1c626
    :git: https://github.com/facebook/facebook-sdk-swift
  FacebookShare:
    :commit: 65ba2e68f556e62a686f621d7d7afec2dde1c626
    :git: https://github.com/facebook/facebook-sdk-swift

SPEC CHECKSUMS:
  Alamofire: 2d95912bf4c34f164fdfc335872e8c312acaea4a
  Bolts: ac6567323eac61e203f6a9763667d0f711be34c8
  FacebookCore: 74288d0add931d361b1596beae787ab72c438249
  FacebookLogin: ebcf34714a1cb9f0759d9f071cfb01ed500996cf
  FacebookShare: 963b4bb1124a64a395b1e428163d70b5774116e8
  FBSDKCoreKit: 2ab7fdbf600dc6b628ba7a49aa29d357a7b4c74e
  FBSDKLoginKit: 634fa27e72e33620eb6389253337342c03d4a407
  FBSDKShareKit: 00290e3db446eed603ff80ac629dcc5e80cf8b74
  SwiftyJSON: c2842d878f95482ffceec5709abc3d05680c0220

PODFILE CHECKSUM: c2ab368de02e3460cc2cd681db1f4ce20c105a7c

COCOAPODS: 1.5.3
